<?xml version="1.0" encoding="utf-8"?>
<Project ToolsVersion="4.0" xmlns="http://schemas.microsoft.com/developer/msbuild/2003">
  <ItemGroup>
    <Filter Include="Source Files">
      <UniqueIdentifier>{4FC737F1-C7A5-4376-A066-2A32D752A2FF}</UniqueIdentifier>
      <Extensions>cpp;c;cc;cxx;def;odl;idl;hpj;bat;asm;asmx</Extensions>
    </Filter>
    <Filter Include="Header Files">
      <UniqueIdentifier>{93995380-89BD-4b04-88EB-625FBE52EBFB}</UniqueIdentifier>
      <Extensions>h;hh;hpp;hxx;hm;inl;inc;xsd</Extensions>
    </Filter>
    <Filter Include="Resource Files">
      <UniqueIdentifier>{67DA6AB6-F800-4c08-8B7A-83BB121AAD01}</UniqueIdentifier>
      <Extensions>rc;ico;cur;bmp;dlg;rc2;rct;bin;rgs;gif;jpg;jpeg;jpe;resx;tiff;tif;png;wav;mfcribbon-ms</Extensions>
    </Filter>
  </ItemGroup>
  <ItemGroup>
    <ClInclude Include="MoveObj.h">
      <Filter>Header Files</Filter>
    </ClInclude>
    <ClInclude Include="Dwarfs.h">
      <Filter>Header Files</Filter>
    </ClInclude>
    <ClInclude Include="PlayersObj.h">
      <Filter>Header Files</Filter>
    </ClInclude>
    <ClInclude Include="King.h">
      <Filter>Header Files</Filter>
    </ClInclude>
    <ClInclude Include="Thief.h">
      <Filter>Header Files</Filter>
    </ClInclude>
    <ClInclude Include="Giant.h">
      <Filter>Header Files</Filter>
    </ClInclude>
    <ClInclude Include="Mage.h">
      <Filter>Header Files</Filter>
    </ClInclude>
    <ClInclude Include="StaticObj.h">
      <Filter>Header Files</Filter>
    </ClInclude>
    <ClInclude Include="Throne.h">
      <Filter>Header Files</Filter>
    </ClInclude>
    <ClInclude Include="Gate.h">
      <Filter>Header Files</Filter>
    </ClInclude>
    <ClInclude Include="Wall.h">
      <Filter>Header Files</Filter>
    </ClInclude>
    <ClInclude Include="Fire.h">
      <Filter>Header Files</Filter>
    </ClInclude>
    <ClInclude Include="GateKey.h">
      <Filter>Header Files</Filter>
    </ClInclude>
    <ClInclude Include="Information.h">
      <Filter>Header Files</Filter>
    </ClInclude>
    <ClInclude Include="GameObject.h">
      <Filter>Header Files</Filter>
    </ClInclude>
    <ClInclude Include="Board.h">
      <Filter>Header Files</Filter>
    </ClInclude>
    <ClInclude Include="Controller.h">
      <Filter>Header Files</Filter>
    </ClInclude>
    <ClInclude Include="Utilities.h">
      <Filter>Header Files</Filter>
    </ClInclude>
    <ClInclude Include="Menu.h">
      <Filter>Header Files</Filter>
    </ClInclude>
  </ItemGroup>
  <ItemGroup>
    <ClCompile Include="MoveObj.cpp">
      <Filter>Source Files</Filter>
    </ClCompile>
    <ClCompile Include="Dwarfs.cpp">
      <Filter>Source Files</Filter>
    </ClCompile>
    <ClCompile Include="PlayersObj.cpp">
      <Filter>Source Files</Filter>
    </ClCompile>
    <ClCompile Include="King.cpp">
      <Filter>Source Files</Filter>
    </ClCompile>
    <ClCompile Include="Thief.cpp">
      <Filter>Source Files</Filter>
    </ClCompile>
    <ClCompile Include="Giant.cpp">
      <Filter>Source Files</Filter>
    </ClCompile>
    <ClCompile Include="Mage.cpp">
      <Filter>Source Files</Filter>
    </ClCompile>
    <ClCompile Include="StaticObj.cpp">
      <Filter>Source Files</Filter>
    </ClCompile>
    <ClCompile Include="Throne.cpp">
      <Filter>Source Files</Filter>
    </ClCompile>
    <ClCompile Include="Gate.cpp">
      <Filter>Source Files</Filter>
    </ClCompile>
    <ClCompile Include="Wall.cpp">
      <Filter>Source Files</Filter>
    </ClCompile>
    <ClCompile Include="Fire.cpp">
      <Filter>Source Files</Filter>
    </ClCompile>
    <ClCompile Include="GateKey.cpp">
      <Filter>Source Files</Filter>
    </ClCompile>
    <ClCompile Include="Information.cpp">
      <Filter>Source Files</Filter>
    </ClCompile>
    <ClCompile Include="GameObject.cpp">
      <Filter>Source Files</Filter>
    </ClCompile>
    <ClCompile Include="Board.cpp">
      <Filter>Source Files</Filter>
    </ClCompile>
    <ClCompile Include="Controller.cpp">
      <Filter>Source Files</Filter>
    </ClCompile>
    <ClCompile Include="Utilities.cpp">
      <Filter>Source Files</Filter>
    </ClCompile>
    <ClCompile Include="main.cpp">
      <Filter>Source Files</Filter>
    </ClCompile>
    <ClCompile Include="Menu.cpp">
      <Filter>Source Files</Filter>
    </ClCompile>
  </ItemGroup>
  <ItemGroup>
    <None Include="ClassDiagram.cd" />
  </ItemGroup>
  <ItemGroup>
    <Image Include="gamepng\empty.jfif" />
    <Image Include="gamepng\manu.png">
      <Filter>Resource Files</Filter>
    </Image>
    <Image Include="gamepng\dwarf.png">
      <Filter>Resource Files</Filter>
    </Image>
    <Image Include="gamepng\fire.png">
      <Filter>Resource Files</Filter>
    </Image>
    <Image Include="gamepng\gate.png">
      <Filter>Resource Files</Filter>
    </Image>
    <Image Include="gamepng\giant.png">
      <Filter>Resource Files</Filter>
    </Image>
    <Image Include="gamepng\key.png">
      <Filter>Resource Files</Filter>
    </Image>
    <Image Include="gamepng\king.png">
      <Filter>Resource Files</Filter>
    </Image>
    <Image Include="gamepng\mage.png">
      <Filter>Resource Files</Filter>
    </Image>
    <Image Include="gamepng\thief.png">
      <Filter>Resource Files</Filter>
    </Image>
    <Image Include="gamepng\throne.png">
      <Filter>Resource Files</Filter>
    </Image>
    <Image Include="gamepng\wall1.png">
      <Filter>Resource Files</Filter>
    </Image>
    <Image Include="gamepng\wall2.png">
      <Filter>Resource Files</Filter>
    </Image>
    <Image Include="gamepng\wall3.png">
      <Filter>Resource Files</Filter>
    </Image>
  </ItemGroup>
  <ItemGroup>
    <Text Include="1.txt" />
    <Text Include="2.txt" />
    <Text Include="3.txt" />
    <Text Include="Levels.txt" />
  </ItemGroup>
</Project>